
Microsoft Visual Studio Solution File, Format Version 12.00
# Visual Studio Version 16
VisualStudioVersion = 16.0.31729.503
MinimumVisualStudioVersion = 10.0.40219.1
Project("{E24C65DC-7377-472B-9ABA-BC803B73C61A}") = "Laba_2_ASP", "Laba_2_ASP\", "{5DAF1002-3B11-4DBD-BC53-6B1E53AC0562}"
	ProjectSection(WebsiteProperties) = preProject
		TargetFrameworkMoniker = ".NETFramework,Version%3Dv4.7.2"
		Debug.AspNetCompiler.VirtualPath = "/localhost_62802"
		Debug.AspNetCompiler.PhysicalPath = "Laba_2_ASP\"
		Debug.AspNetCompiler.TargetPath = "PrecompiledWeb\localhost_62802\"
		Debug.AspNetCompiler.Updateable = "true"
		Debug.AspNetCompiler.ForceOverwrite = "true"
		Debug.AspNetCompiler.FixedNames = "false"
		Debug.AspNetCompiler.Debug = "True"
		Release.AspNetCompiler.VirtualPath = "/localhost_62802"
		Release.AspNetCompiler.PhysicalPath = "Laba_2_ASP\"
		Release.AspNetCompiler.TargetPath = "PrecompiledWeb\localhost_62802\"
		Release.AspNetCompiler.Updateable = "true"
		Release.AspNetCompiler.ForceOverwrite = "true"
		Release.AspNetCompiler.FixedNames = "false"
		Release.AspNetCompiler.Debug = "False"
		VWDPort = "62802"
		SlnRelativePath = "Laba_2_ASP\"
		DefaultWebSiteLanguage = "Visual C#"
	EndProjectSection
EndProject
Global
	GlobalSection(SolutionConfigurationPlatforms) = preSolution
		Debug|Any CPU = Debug|Any CPU
	EndGlobalSection
	GlobalSection(ProjectConfigurationPlatforms) = postSolution
		{5DAF1002-3B11-4DBD-BC53-6B1E53AC0562}.Debug|Any CPU.ActiveCfg = Debug|Any CPU
		{5DAF1002-3B11-4DBD-BC53-6B1E53AC0562}.Debug|Any CPU.Build.0 = Debug|Any CPU
	EndGlobalSection
	GlobalSection(SolutionProperties) = preSolution
		HideSolutionNode = FALSE
	EndGlobalSection
	GlobalSection(ExtensibilityGlobals) = postSolution
		SolutionGuid = {C0B1343F-1D91-4FA1-A206-F127F3A32839}
	EndGlobalSection
EndGlobal
